
Microsoft Visual Studio Solution File, Format Version 12.00
# Visual Studio Version 17
VisualStudioVersion = 17.14.36705.20
MinimumVisualStudioVersion = 10.0.40219.1
Project("{FAE04EC0-301F-11D3-BF4B-00C04F79EFBC}") = "QLTV", "QLTV.csproj", "{128E14C2-29B1-4033-9E37-147FDA2D6AD1}"
EndProject
Project("{FAE04EC0-301F-11D3-BF4B-00C04F79EFBC}") = "ptud710", "F:\PTUD 2025\Quanlibanhang\ptud710\ptud710.csproj", "{C59A5EAE-464C-40D6-9622-822B505F610E}"
EndProject
Global
	GlobalSection(SolutionConfigurationPlatforms) = preSolution
		Debug|Any CPU = Debug|Any CPU
		Release|Any CPU = Release|Any CPU
	EndGlobalSection
	GlobalSection(ProjectConfigurationPlatforms) = postSolution
		{128E14C2-29B1-4033-9E37-147FDA2D6AD1}.Debug|Any CPU.ActiveCfg = Debug|Any CPU
		{128E14C2-29B1-4033-9E37-147FDA2D6AD1}.Debug|Any CPU.Build.0 = Debug|Any CPU
		{128E14C2-29B1-4033-9E37-147FDA2D6AD1}.Release|Any CPU.ActiveCfg = Release|Any CPU
		{128E14C2-29B1-4033-9E37-147FDA2D6AD1}.Release|Any CPU.Build.0 = Release|Any CPU
		{C59A5EAE-464C-40D6-9622-822B505F610E}.Debug|Any CPU.ActiveCfg = Debug|Any CPU
		{C59A5EAE-464C-40D6-9622-822B505F610E}.Debug|Any CPU.Build.0 = Debug|Any CPU
		{C59A5EAE-464C-40D6-9622-822B505F610E}.Release|Any CPU.ActiveCfg = Release|Any CPU
		{C59A5EAE-464C-40D6-9622-822B505F610E}.Release|Any CPU.Build.0 = Release|Any CPU
	EndGlobalSection
	GlobalSection(SolutionProperties) = preSolution
		HideSolutionNode = FALSE
	EndGlobalSection
	GlobalSection(ExtensibilityGlobals) = postSolution
		SolutionGuid = {D078808D-6353-4C83-8A2B-08F00A37848C}
	EndGlobalSection
EndGlobal
